
Microsoft Visual Studio Solution File, Format Version 12.00
# Visual Studio Version 16
VisualStudioVersion = 16.0.29503.13
MinimumVisualStudioVersion = 10.0.40219.1
Project("{FAE04EC0-301F-11D3-BF4B-00C04F79EFBC}") = "OPG1", "OPG1\OPG1.csproj", "{B06E343A-1374-4344-98C1-D93037872CC9}"
EndProject
Global
	GlobalSection(SolutionConfigurationPlatforms) = preSolution
		Debug|Any CPU = Debug|Any CPU
		Release|Any CPU = Release|Any CPU
	EndGlobalSection
	GlobalSection(ProjectConfigurationPlatforms) = postSolution
		{B06E343A-1374-4344-98C1-D93037872CC9}.Debug|Any CPU.ActiveCfg = Debug|Any CPU
		{B06E343A-1374-4344-98C1-D93037872CC9}.Debug|Any CPU.Build.0 = Debug|Any CPU
		{B06E343A-1374-4344-98C1-D93037872CC9}.Release|Any CPU.ActiveCfg = Release|Any CPU
		{B06E343A-1374-4344-98C1-D93037872CC9}.Release|Any CPU.Build.0 = Release|Any CPU
	EndGlobalSection
	GlobalSection(SolutionProperties) = preSolution
		HideSolutionNode = FALSE
	EndGlobalSection
	GlobalSection(ExtensibilityGlobals) = postSolution
		SolutionGuid = {9C3D5D98-0E46-412A-90A4-E966659E1691}
	EndGlobalSection
EndGlobal
