
Microsoft Visual Studio Solution File, Format Version 12.00
# Visual Studio Version 16
VisualStudioVersion = 16.0.29503.13
MinimumVisualStudioVersion = 10.0.40219.1
Project("{FAE04EC0-301F-11D3-BF4B-00C04F79EFBC}") = "OPG2-Client1", "OPG2-Client1\OPG2-Client1.csproj", "{1119A227-C1E0-40C0-BA3B-324A65A18B4C}"
EndProject
Global
	GlobalSection(SolutionConfigurationPlatforms) = preSolution
		Debug|Any CPU = Debug|Any CPU
		Release|Any CPU = Release|Any CPU
	EndGlobalSection
	GlobalSection(ProjectConfigurationPlatforms) = postSolution
		{1119A227-C1E0-40C0-BA3B-324A65A18B4C}.Debug|Any CPU.ActiveCfg = Debug|Any CPU
		{1119A227-C1E0-40C0-BA3B-324A65A18B4C}.Debug|Any CPU.Build.0 = Debug|Any CPU
		{1119A227-C1E0-40C0-BA3B-324A65A18B4C}.Release|Any CPU.ActiveCfg = Release|Any CPU
		{1119A227-C1E0-40C0-BA3B-324A65A18B4C}.Release|Any CPU.Build.0 = Release|Any CPU
	EndGlobalSection
	GlobalSection(SolutionProperties) = preSolution
		HideSolutionNode = FALSE
	EndGlobalSection
	GlobalSection(ExtensibilityGlobals) = postSolution
		SolutionGuid = {B5B03345-C1A4-4E1A-9F8B-BF5AFF688FC9}
	EndGlobalSection
EndGlobal
