
Microsoft Visual Studio Solution File, Format Version 12.00
# Visual Studio Version 16
VisualStudioVersion = 16.0.29503.13
MinimumVisualStudioVersion = 10.0.40219.1
Project("{FAE04EC0-301F-11D3-BF4B-00C04F79EFBC}") = "OPG-2-Client2", "OPG-2-Client2\OPG-2-Client2.csproj", "{73F9840C-AA17-4832-8615-462CC7363D72}"
EndProject
Global
	GlobalSection(SolutionConfigurationPlatforms) = preSolution
		Debug|Any CPU = Debug|Any CPU
		Release|Any CPU = Release|Any CPU
	EndGlobalSection
	GlobalSection(ProjectConfigurationPlatforms) = postSolution
		{73F9840C-AA17-4832-8615-462CC7363D72}.Debug|Any CPU.ActiveCfg = Debug|Any CPU
		{73F9840C-AA17-4832-8615-462CC7363D72}.Debug|Any CPU.Build.0 = Debug|Any CPU
		{73F9840C-AA17-4832-8615-462CC7363D72}.Release|Any CPU.ActiveCfg = Release|Any CPU
		{73F9840C-AA17-4832-8615-462CC7363D72}.Release|Any CPU.Build.0 = Release|Any CPU
	EndGlobalSection
	GlobalSection(SolutionProperties) = preSolution
		HideSolutionNode = FALSE
	EndGlobalSection
	GlobalSection(ExtensibilityGlobals) = postSolution
		SolutionGuid = {6207A860-1AAF-460D-9A15-37AF9D19EBA2}
	EndGlobalSection
EndGlobal
